
Microsoft Visual Studio Solution File, Format Version 12.00
# Visual Studio Version 17
VisualStudioVersion = 17.4.33103.184
MinimumVisualStudioVersion = 10.0.40219.1
Project("{8BC9CEB8-8B4A-11D0-8D11-00A0C91BC942}") = "KMDF Driver3", "KMDF Driver3.vcxproj", "{C0874BB0-15F6-4266-8DD5-068F7A7B6114}"
EndProject
Global
	GlobalSection(SolutionConfigurationPlatforms) = preSolution
		Debug|ARM64 = Debug|ARM64
		Debug|x64 = Debug|x64
		Release|ARM64 = Release|ARM64
		Release|x64 = Release|x64
	EndGlobalSection
	GlobalSection(ProjectConfigurationPlatforms) = postSolution
		{C0874BB0-15F6-4266-8DD5-068F7A7B6114}.Debug|ARM64.ActiveCfg = Debug|ARM64
		{C0874BB0-15F6-4266-8DD5-068F7A7B6114}.Debug|ARM64.Build.0 = Debug|ARM64
		{C0874BB0-15F6-4266-8DD5-068F7A7B6114}.Debug|ARM64.Deploy.0 = Debug|ARM64
		{C0874BB0-15F6-4266-8DD5-068F7A7B6114}.Debug|x64.ActiveCfg = Debug|x64
		{C0874BB0-15F6-4266-8DD5-068F7A7B6114}.Debug|x64.Build.0 = Debug|x64
		{C0874BB0-15F6-4266-8DD5-068F7A7B6114}.Debug|x64.Deploy.0 = Debug|x64
		{C0874BB0-15F6-4266-8DD5-068F7A7B6114}.Release|ARM64.ActiveCfg = Release|ARM64
		{C0874BB0-15F6-4266-8DD5-068F7A7B6114}.Release|ARM64.Build.0 = Release|ARM64
		{C0874BB0-15F6-4266-8DD5-068F7A7B6114}.Release|ARM64.Deploy.0 = Release|ARM64
		{C0874BB0-15F6-4266-8DD5-068F7A7B6114}.Release|x64.ActiveCfg = Release|x64
		{C0874BB0-15F6-4266-8DD5-068F7A7B6114}.Release|x64.Build.0 = Release|x64
		{C0874BB0-15F6-4266-8DD5-068F7A7B6114}.Release|x64.Deploy.0 = Release|x64
	EndGlobalSection
	GlobalSection(SolutionProperties) = preSolution
		HideSolutionNode = FALSE
	EndGlobalSection
	GlobalSection(ExtensibilityGlobals) = postSolution
		SolutionGuid = {76BD4723-C68F-4B64-8AFC-9B33C774FEEC}
	EndGlobalSection
EndGlobal
